// !$*UTF8*$!
{
	archiveVersion = 1;
	classes = {
	};
	objectVersion = 50;
	objects = {

/* Begin PBXBuildFile section */
		7B0F3A0120D11DDB002CF340 /* LATabBarController.m in Sources */ = {isa = PBXBuildFile; fileRef = 7B0F3A0020D11DDB002CF340 /* LATabBarController.m */; };
		7B0F3A0B20D23ABD002CF340 /* PRootViewController.m in Sources */ = {isa = PBXBuildFile; fileRef = 7B0F3A0A20D23ABD002CF340 /* PRootViewController.m */; };
		7B0F3A0E20D23B01002CF340 /* PBaseViewController.m in Sources */ = {isa = PBXBuildFile; fileRef = 7B0F3A0D20D23B01002CF340 /* PBaseViewController.m */; };
		7B0F3A2420D23C3C002CF340 /* ViewController2.m in Sources */ = {isa = PBXBuildFile; fileRef = 7B0F3A1D20D23C3C002CF340 /* ViewController2.m */; };
		7B0F3A2520D23C3C002CF340 /* ViewController3.m in Sources */ = {isa = PBXBuildFile; fileRef = 7B0F3A1E20D23C3C002CF340 /* ViewController3.m */; };
		7B0F3A2620D23C3C002CF340 /* ViewController1.m in Sources */ = {isa = PBXBuildFile; fileRef = 7B0F3A2120D23C3C002CF340 /* ViewController1.m */; };
		7B0F3A2720D23C3C002CF340 /* ViewController4.m in Sources */ = {isa = PBXBuildFile; fileRef = 7B0F3A2220D23C3C002CF340 /* ViewController4.m */; };
		7B0F3A2C20D26132002CF340 /* TestViewController1.m in Sources */ = {isa = PBXBuildFile; fileRef = 7B0F3A2B20D26132002CF340 /* TestViewController1.m */; };
		7B0F3A2F20D26CA1002CF340 /* TestViewController2.m in Sources */ = {isa = PBXBuildFile; fileRef = 7B0F3A2E20D26CA1002CF340 /* TestViewController2.m */; };
		7B0F3A3320D362A9002CF340 /* LANavigationBarButton.m in Sources */ = {isa = PBXBuildFile; fileRef = 7B0F3A3220D362A9002CF340 /* LANavigationBarButton.m */; };
		7B0F3A3920D362E8002CF340 /* LATabBar.m in Sources */ = {isa = PBXBuildFile; fileRef = 7B0F3A3620D362E8002CF340 /* LATabBar.m */; };
		7B0F3A3A20D362E8002CF340 /* LATabBarItem.m in Sources */ = {isa = PBXBuildFile; fileRef = 7B0F3A3720D362E8002CF340 /* LATabBarItem.m */; };
		7B0F3A3D20D36359002CF340 /* LANavigationBar.m in Sources */ = {isa = PBXBuildFile; fileRef = 7B0F3A3C20D36359002CF340 /* LANavigationBar.m */; };
		7B0F3A4020D39702002CF340 /* PNavigationController.m in Sources */ = {isa = PBXBuildFile; fileRef = 7B0F3A3F20D39702002CF340 /* PNavigationController.m */; };
		7B26832C20C68D5200FE9A60 /* AppDelegate.m in Sources */ = {isa = PBXBuildFile; fileRef = 7B26832B20C68D5200FE9A60 /* AppDelegate.m */; };
		7B26833420C68D5600FE9A60 /* Assets.xcassets in Resources */ = {isa = PBXBuildFile; fileRef = 7B26833320C68D5600FE9A60 /* Assets.xcassets */; };
		7B26833A20C68D5600FE9A60 /* main.m in Sources */ = {isa = PBXBuildFile; fileRef = 7B26833920C68D5600FE9A60 /* main.m */; };
		7B2683C120C8D99300FE9A60 /* Foundation+LACoreLib.m in Sources */ = {isa = PBXBuildFile; fileRef = 7B2683C020C8D99200FE9A60 /* Foundation+LACoreLib.m */; };
		7B2683CE20C8DF4400FE9A60 /* LADefaultValue.m in Sources */ = {isa = PBXBuildFile; fileRef = 7B2683CD20C8DF4400FE9A60 /* LADefaultValue.m */; };
		7B2683F320CA75FF00FE9A60 /* LAPathUtil.m in Sources */ = {isa = PBXBuildFile; fileRef = 7B2683F220CA75FF00FE9A60 /* LAPathUtil.m */; };
		7B2683F620CA799E00FE9A60 /* LABaseUtil.m in Sources */ = {isa = PBXBuildFile; fileRef = 7B2683F520CA799E00FE9A60 /* LABaseUtil.m */; };
		7B26840320CE526100FE9A60 /* LASystemDevice.m in Sources */ = {isa = PBXBuildFile; fileRef = 7B26840220CE526100FE9A60 /* LASystemDevice.m */; };
		7B26840A20CE633200FE9A60 /* UIKit+LACoreLib.m in Sources */ = {isa = PBXBuildFile; fileRef = 7B26840920CE633200FE9A60 /* UIKit+LACoreLib.m */; };
		7B26840E20CE756B00FE9A60 /* LATableViewCellItem.m in Sources */ = {isa = PBXBuildFile; fileRef = 7B26840D20CE756B00FE9A60 /* LATableViewCellItem.m */; };
		7B26841120CE784D00FE9A60 /* LATableViewCellContext.m in Sources */ = {isa = PBXBuildFile; fileRef = 7B26841020CE784D00FE9A60 /* LATableViewCellContext.m */; };
		7B26841420CE7ABE00FE9A60 /* UITableViewCell+LACoreLib.m in Sources */ = {isa = PBXBuildFile; fileRef = 7B26841320CE7ABE00FE9A60 /* UITableViewCell+LACoreLib.m */; };
		7B26841E20CE808300FE9A60 /* LATableHeightCache.m in Sources */ = {isa = PBXBuildFile; fileRef = 7B26841620CE808200FE9A60 /* LATableHeightCache.m */; };
		7B26841F20CE808300FE9A60 /* LABaseTableView.m in Sources */ = {isa = PBXBuildFile; fileRef = 7B26841820CE808200FE9A60 /* LABaseTableView.m */; };
		7B26842020CE808300FE9A60 /* LABaseTableViewHeaderFooterView.m in Sources */ = {isa = PBXBuildFile; fileRef = 7B26841B20CE808300FE9A60 /* LABaseTableViewHeaderFooterView.m */; };
		7B26842120CE808300FE9A60 /* LABaseTableViewCell.m in Sources */ = {isa = PBXBuildFile; fileRef = 7B26841D20CE808300FE9A60 /* LABaseTableViewCell.m */; };
		7B26842520CF5B2D00FE9A60 /* LANavigationController.m in Sources */ = {isa = PBXBuildFile; fileRef = 7B26842420CF5B2D00FE9A60 /* LANavigationController.m */; };
		7B26842820CF5FD600FE9A60 /* LABaseViewController.m in Sources */ = {isa = PBXBuildFile; fileRef = 7B26842720CF5FD600FE9A60 /* LABaseViewController.m */; };
		7B26842C20CF9E5A00FE9A60 /* LALoadingView.m in Sources */ = {isa = PBXBuildFile; fileRef = 7B26842B20CF9E5A00FE9A60 /* LALoadingView.m */; };
		7B26843520CFC69200FE9A60 /* LAErrorView.m in Sources */ = {isa = PBXBuildFile; fileRef = 7B26843420CFC69200FE9A60 /* LAErrorView.m */; };
		7B26843820CFCCFF00FE9A60 /* LABaseViewController+LAHelper.m in Sources */ = {isa = PBXBuildFile; fileRef = 7B26843720CFCCFF00FE9A60 /* LABaseViewController+LAHelper.m */; };
		7BBEF89320D8988500C2CF8B /* LARouter.m in Sources */ = {isa = PBXBuildFile; fileRef = 7BBEF89220D8988500C2CF8B /* LARouter.m */; };
		7BBEF89620D899C900C2CF8B /* LAControllerFactory.m in Sources */ = {isa = PBXBuildFile; fileRef = 7BBEF89520D899C900C2CF8B /* LAControllerFactory.m */; };
		7BBEF89920D8D45700C2CF8B /* LANavigator.m in Sources */ = {isa = PBXBuildFile; fileRef = 7BBEF89820D8D45700C2CF8B /* LANavigator.m */; };
		7BBEF89F20D8E9A400C2CF8B /* MyControllerRegister.m in Sources */ = {isa = PBXBuildFile; fileRef = 7BBEF89E20D8E9A400C2CF8B /* MyControllerRegister.m */; };
		7BBEF8A220D8F60200C2CF8B /* TestViewController3.m in Sources */ = {isa = PBXBuildFile; fileRef = 7BBEF8A120D8F60200C2CF8B /* TestViewController3.m */; };
		99DD9F02E68DF2D601120C4E /* Pods_LACoreLibDemo.framework in Frameworks */ = {isa = PBXBuildFile; fileRef = 2FAC04CB8CFB35C47A610387 /* Pods_LACoreLibDemo.framework */; };
/* End PBXBuildFile section */

/* Begin PBXCopyFilesBuildPhase section */
		7B26836F20C7944C00FE9A60 /* Embed Frameworks */ = {
			isa = PBXCopyFilesBuildPhase;
			buildActionMask = 2147483647;
			dstPath = "";
			dstSubfolderSpec = 10;
			files = (
			);
			name = "Embed Frameworks";
			runOnlyForDeploymentPostprocessing = 0;
		};
/* End PBXCopyFilesBuildPhase section */

/* Begin PBXFileReference section */
		2FAC04CB8CFB35C47A610387 /* Pods_LACoreLibDemo.framework */ = {isa = PBXFileReference; explicitFileType = wrapper.framework; includeInIndex = 0; path = Pods_LACoreLibDemo.framework; sourceTree = BUILT_PRODUCTS_DIR; };
		74F6670D945795C62475C0D9 /* Pods-LACoreLibDemo.release.xcconfig */ = {isa = PBXFileReference; includeInIndex = 1; lastKnownFileType = text.xcconfig; name = "Pods-LACoreLibDemo.release.xcconfig"; path = "Pods/Target Support Files/Pods-LACoreLibDemo/Pods-LACoreLibDemo.release.xcconfig"; sourceTree = "<group>"; };
		787892AA6BC29F84EFEAB404 /* Pods-LACoreLibDemo.debug.xcconfig */ = {isa = PBXFileReference; includeInIndex = 1; lastKnownFileType = text.xcconfig; name = "Pods-LACoreLibDemo.debug.xcconfig"; path = "Pods/Target Support Files/Pods-LACoreLibDemo/Pods-LACoreLibDemo.debug.xcconfig"; sourceTree = "<group>"; };
		7B0F39FF20D11DDB002CF340 /* LATabBarController.h */ = {isa = PBXFileReference; lastKnownFileType = sourcecode.c.h; path = LATabBarController.h; sourceTree = "<group>"; };
		7B0F3A0020D11DDB002CF340 /* LATabBarController.m */ = {isa = PBXFileReference; lastKnownFileType = sourcecode.c.objc; path = LATabBarController.m; sourceTree = "<group>"; };
		7B0F3A0920D23ABD002CF340 /* PRootViewController.h */ = {isa = PBXFileReference; lastKnownFileType = sourcecode.c.h; path = PRootViewController.h; sourceTree = "<group>"; };
		7B0F3A0A20D23ABD002CF340 /* PRootViewController.m */ = {isa = PBXFileReference; lastKnownFileType = sourcecode.c.objc; path = PRootViewController.m; sourceTree = "<group>"; };
		7B0F3A0C20D23B01002CF340 /* PBaseViewController.h */ = {isa = PBXFileReference; lastKnownFileType = sourcecode.c.h; path = PBaseViewController.h; sourceTree = "<group>"; };
		7B0F3A0D20D23B01002CF340 /* PBaseViewController.m */ = {isa = PBXFileReference; lastKnownFileType = sourcecode.c.objc; path = PBaseViewController.m; sourceTree = "<group>"; };
		7B0F3A1C20D23C3C002CF340 /* ViewController3.h */ = {isa = PBXFileReference; fileEncoding = 4; lastKnownFileType = sourcecode.c.h; path = ViewController3.h; sourceTree = "<group>"; };
		7B0F3A1D20D23C3C002CF340 /* ViewController2.m */ = {isa = PBXFileReference; fileEncoding = 4; lastKnownFileType = sourcecode.c.objc; path = ViewController2.m; sourceTree = "<group>"; };
		7B0F3A1E20D23C3C002CF340 /* ViewController3.m */ = {isa = PBXFileReference; fileEncoding = 4; lastKnownFileType = sourcecode.c.objc; path = ViewController3.m; sourceTree = "<group>"; };
		7B0F3A1F20D23C3C002CF340 /* ViewController1.h */ = {isa = PBXFileReference; fileEncoding = 4; lastKnownFileType = sourcecode.c.h; path = ViewController1.h; sourceTree = "<group>"; };
		7B0F3A2020D23C3C002CF340 /* ViewController2.h */ = {isa = PBXFileReference; fileEncoding = 4; lastKnownFileType = sourcecode.c.h; path = ViewController2.h; sourceTree = "<group>"; };
		7B0F3A2120D23C3C002CF340 /* ViewController1.m */ = {isa = PBXFileReference; fileEncoding = 4; lastKnownFileType = sourcecode.c.objc; path = ViewController1.m; sourceTree = "<group>"; };
		7B0F3A2220D23C3C002CF340 /* ViewController4.m */ = {isa = PBXFileReference; fileEncoding = 4; lastKnownFileType = sourcecode.c.objc; path = ViewController4.m; sourceTree = "<group>"; };
		7B0F3A2320D23C3C002CF340 /* ViewController4.h */ = {isa = PBXFileReference; fileEncoding = 4; lastKnownFileType = sourcecode.c.h; path = ViewController4.h; sourceTree = "<group>"; };
		7B0F3A2A20D26132002CF340 /* TestViewController1.h */ = {isa = PBXFileReference; lastKnownFileType = sourcecode.c.h; path = TestViewController1.h; sourceTree = "<group>"; };
		7B0F3A2B20D26132002CF340 /* TestViewController1.m */ = {isa = PBXFileReference; lastKnownFileType = sourcecode.c.objc; path = TestViewController1.m; sourceTree = "<group>"; };
		7B0F3A2D20D26CA1002CF340 /* TestViewController2.h */ = {isa = PBXFileReference; lastKnownFileType = sourcecode.c.h; path = TestViewController2.h; sourceTree = "<group>"; };
		7B0F3A2E20D26CA1002CF340 /* TestViewController2.m */ = {isa = PBXFileReference; lastKnownFileType = sourcecode.c.objc; path = TestViewController2.m; sourceTree = "<group>"; };
		7B0F3A3120D362A9002CF340 /* LANavigationBarButton.h */ = {isa = PBXFileReference; fileEncoding = 4; lastKnownFileType = sourcecode.c.h; path = LANavigationBarButton.h; sourceTree = "<group>"; };
		7B0F3A3220D362A9002CF340 /* LANavigationBarButton.m */ = {isa = PBXFileReference; fileEncoding = 4; lastKnownFileType = sourcecode.c.objc; path = LANavigationBarButton.m; sourceTree = "<group>"; };
		7B0F3A3520D362E8002CF340 /* LATabBarItem.h */ = {isa = PBXFileReference; fileEncoding = 4; lastKnownFileType = sourcecode.c.h; path = LATabBarItem.h; sourceTree = "<group>"; };
		7B0F3A3620D362E8002CF340 /* LATabBar.m */ = {isa = PBXFileReference; fileEncoding = 4; lastKnownFileType = sourcecode.c.objc; path = LATabBar.m; sourceTree = "<group>"; };
		7B0F3A3720D362E8002CF340 /* LATabBarItem.m */ = {isa = PBXFileReference; fileEncoding = 4; lastKnownFileType = sourcecode.c.objc; path = LATabBarItem.m; sourceTree = "<group>"; };
		7B0F3A3820D362E8002CF340 /* LATabBar.h */ = {isa = PBXFileReference; fileEncoding = 4; lastKnownFileType = sourcecode.c.h; path = LATabBar.h; sourceTree = "<group>"; };
		7B0F3A3B20D36359002CF340 /* LANavigationBar.h */ = {isa = PBXFileReference; lastKnownFileType = sourcecode.c.h; path = LANavigationBar.h; sourceTree = "<group>"; };
		7B0F3A3C20D36359002CF340 /* LANavigationBar.m */ = {isa = PBXFileReference; lastKnownFileType = sourcecode.c.objc; path = LANavigationBar.m; sourceTree = "<group>"; };
		7B0F3A3E20D39702002CF340 /* PNavigationController.h */ = {isa = PBXFileReference; lastKnownFileType = sourcecode.c.h; path = PNavigationController.h; sourceTree = "<group>"; };
		7B0F3A3F20D39702002CF340 /* PNavigationController.m */ = {isa = PBXFileReference; lastKnownFileType = sourcecode.c.objc; path = PNavigationController.m; sourceTree = "<group>"; };
		7B26832720C68D5200FE9A60 /* LACoreLibDemo.app */ = {isa = PBXFileReference; explicitFileType = wrapper.application; includeInIndex = 0; path = LACoreLibDemo.app; sourceTree = BUILT_PRODUCTS_DIR; };
		7B26832A20C68D5200FE9A60 /* AppDelegate.h */ = {isa = PBXFileReference; lastKnownFileType = sourcecode.c.h; path = AppDelegate.h; sourceTree = "<group>"; };
		7B26832B20C68D5200FE9A60 /* AppDelegate.m */ = {isa = PBXFileReference; lastKnownFileType = sourcecode.c.objc; path = AppDelegate.m; sourceTree = "<group>"; };
		7B26833320C68D5600FE9A60 /* Assets.xcassets */ = {isa = PBXFileReference; lastKnownFileType = folder.assetcatalog; path = Assets.xcassets; sourceTree = "<group>"; };
		7B26833820C68D5600FE9A60 /* Info.plist */ = {isa = PBXFileReference; lastKnownFileType = text.plist.xml; path = Info.plist; sourceTree = "<group>"; };
		7B26833920C68D5600FE9A60 /* main.m */ = {isa = PBXFileReference; lastKnownFileType = sourcecode.c.objc; path = main.m; sourceTree = "<group>"; };
		7B2683BC20C8D99200FE9A60 /* LACoreLib.h */ = {isa = PBXFileReference; fileEncoding = 4; lastKnownFileType = sourcecode.c.h; path = LACoreLib.h; sourceTree = "<group>"; };
		7B2683BF20C8D99200FE9A60 /* Foundation+LACoreLib.h */ = {isa = PBXFileReference; fileEncoding = 4; lastKnownFileType = sourcecode.c.h; path = "Foundation+LACoreLib.h"; sourceTree = "<group>"; };
		7B2683C020C8D99200FE9A60 /* Foundation+LACoreLib.m */ = {isa = PBXFileReference; fileEncoding = 4; lastKnownFileType = sourcecode.c.objc; path = "Foundation+LACoreLib.m"; sourceTree = "<group>"; };
		7B2683CC20C8DF4400FE9A60 /* LADefaultValue.h */ = {isa = PBXFileReference; lastKnownFileType = sourcecode.c.h; path = LADefaultValue.h; sourceTree = "<group>"; };
		7B2683CD20C8DF4400FE9A60 /* LADefaultValue.m */ = {isa = PBXFileReference; lastKnownFileType = sourcecode.c.objc; path = LADefaultValue.m; sourceTree = "<group>"; };
		7B2683F120CA75FF00FE9A60 /* LAPathUtil.h */ = {isa = PBXFileReference; lastKnownFileType = sourcecode.c.h; path = LAPathUtil.h; sourceTree = "<group>"; };
		7B2683F220CA75FF00FE9A60 /* LAPathUtil.m */ = {isa = PBXFileReference; lastKnownFileType = sourcecode.c.objc; path = LAPathUtil.m; sourceTree = "<group>"; };
		7B2683F420CA799E00FE9A60 /* LABaseUtil.h */ = {isa = PBXFileReference; lastKnownFileType = sourcecode.c.h; path = LABaseUtil.h; sourceTree = "<group>"; };
		7B2683F520CA799E00FE9A60 /* LABaseUtil.m */ = {isa = PBXFileReference; lastKnownFileType = sourcecode.c.objc; path = LABaseUtil.m; sourceTree = "<group>"; };
		7B2683F720CA7EB500FE9A60 /* LABase.h */ = {isa = PBXFileReference; lastKnownFileType = sourcecode.c.h; path = LABase.h; sourceTree = "<group>"; };
		7B2683F820CA7F2300FE9A60 /* LABaseDefines.h */ = {isa = PBXFileReference; lastKnownFileType = sourcecode.c.h; path = LABaseDefines.h; sourceTree = "<group>"; };
		7B2683FA20CE4A8C00FE9A60 /* LANetwork.h */ = {isa = PBXFileReference; lastKnownFileType = sourcecode.c.h; path = LANetwork.h; sourceTree = "<group>"; };
		7B2683FC20CE4E2F00FE9A60 /* LAUI.h */ = {isa = PBXFileReference; lastKnownFileType = sourcecode.c.h; path = LAUI.h; sourceTree = "<group>"; };
		7B2683FD20CE4E6B00FE9A60 /* LAUIDefines.h */ = {isa = PBXFileReference; lastKnownFileType = sourcecode.c.h; path = LAUIDefines.h; sourceTree = "<group>"; };
		7B26840120CE526100FE9A60 /* LASystemDevice.h */ = {isa = PBXFileReference; lastKnownFileType = sourcecode.c.h; path = LASystemDevice.h; sourceTree = "<group>"; };
		7B26840220CE526100FE9A60 /* LASystemDevice.m */ = {isa = PBXFileReference; lastKnownFileType = sourcecode.c.objc; path = LASystemDevice.m; sourceTree = "<group>"; };
		7B26840820CE633200FE9A60 /* UIKit+LACoreLib.h */ = {isa = PBXFileReference; lastKnownFileType = sourcecode.c.h; path = "UIKit+LACoreLib.h"; sourceTree = "<group>"; };
		7B26840920CE633200FE9A60 /* UIKit+LACoreLib.m */ = {isa = PBXFileReference; lastKnownFileType = sourcecode.c.objc; path = "UIKit+LACoreLib.m"; sourceTree = "<group>"; };
		7B26840C20CE756B00FE9A60 /* LATableViewCellItem.h */ = {isa = PBXFileReference; lastKnownFileType = sourcecode.c.h; path = LATableViewCellItem.h; sourceTree = "<group>"; };
		7B26840D20CE756B00FE9A60 /* LATableViewCellItem.m */ = {isa = PBXFileReference; lastKnownFileType = sourcecode.c.objc; path = LATableViewCellItem.m; sourceTree = "<group>"; };
		7B26840F20CE784D00FE9A60 /* LATableViewCellContext.h */ = {isa = PBXFileReference; lastKnownFileType = sourcecode.c.h; path = LATableViewCellContext.h; sourceTree = "<group>"; };
		7B26841020CE784D00FE9A60 /* LATableViewCellContext.m */ = {isa = PBXFileReference; lastKnownFileType = sourcecode.c.objc; path = LATableViewCellContext.m; sourceTree = "<group>"; };
		7B26841220CE7ABE00FE9A60 /* UITableViewCell+LACoreLib.h */ = {isa = PBXFileReference; lastKnownFileType = sourcecode.c.h; path = "UITableViewCell+LACoreLib.h"; sourceTree = "<group>"; };
		7B26841320CE7ABE00FE9A60 /* UITableViewCell+LACoreLib.m */ = {isa = PBXFileReference; lastKnownFileType = sourcecode.c.objc; path = "UITableViewCell+LACoreLib.m"; sourceTree = "<group>"; };
		7B26841620CE808200FE9A60 /* LATableHeightCache.m */ = {isa = PBXFileReference; fileEncoding = 4; lastKnownFileType = sourcecode.c.objc; path = LATableHeightCache.m; sourceTree = "<group>"; };
		7B26841720CE808200FE9A60 /* LABaseTableViewHeaderFooterView.h */ = {isa = PBXFileReference; fileEncoding = 4; lastKnownFileType = sourcecode.c.h; path = LABaseTableViewHeaderFooterView.h; sourceTree = "<group>"; };
		7B26841820CE808200FE9A60 /* LABaseTableView.m */ = {isa = PBXFileReference; fileEncoding = 4; lastKnownFileType = sourcecode.c.objc; path = LABaseTableView.m; sourceTree = "<group>"; };
		7B26841920CE808200FE9A60 /* LABaseTableViewCell.h */ = {isa = PBXFileReference; fileEncoding = 4; lastKnownFileType = sourcecode.c.h; path = LABaseTableViewCell.h; sourceTree = "<group>"; };
		7B26841A20CE808300FE9A60 /* LABaseTableView.h */ = {isa = PBXFileReference; fileEncoding = 4; lastKnownFileType = sourcecode.c.h; path = LABaseTableView.h; sourceTree = "<group>"; };
		7B26841B20CE808300FE9A60 /* LABaseTableViewHeaderFooterView.m */ = {isa = PBXFileReference; fileEncoding = 4; lastKnownFileType = sourcecode.c.objc; path = LABaseTableViewHeaderFooterView.m; sourceTree = "<group>"; };
		7B26841C20CE808300FE9A60 /* LATableHeightCache.h */ = {isa = PBXFileReference; fileEncoding = 4; lastKnownFileType = sourcecode.c.h; path = LATableHeightCache.h; sourceTree = "<group>"; };
		7B26841D20CE808300FE9A60 /* LABaseTableViewCell.m */ = {isa = PBXFileReference; fileEncoding = 4; lastKnownFileType = sourcecode.c.objc; path = LABaseTableViewCell.m; sourceTree = "<group>"; };
		7B26842320CF5B2D00FE9A60 /* LANavigationController.h */ = {isa = PBXFileReference; lastKnownFileType = sourcecode.c.h; path = LANavigationController.h; sourceTree = "<group>"; };
		7B26842420CF5B2D00FE9A60 /* LANavigationController.m */ = {isa = PBXFileReference; lastKnownFileType = sourcecode.c.objc; path = LANavigationController.m; sourceTree = "<group>"; };
		7B26842620CF5FD600FE9A60 /* LABaseViewController.h */ = {isa = PBXFileReference; lastKnownFileType = sourcecode.c.h; path = LABaseViewController.h; sourceTree = "<group>"; };
		7B26842720CF5FD600FE9A60 /* LABaseViewController.m */ = {isa = PBXFileReference; lastKnownFileType = sourcecode.c.objc; path = LABaseViewController.m; sourceTree = "<group>"; };
		7B26842920CF6C0000FE9A60 /* LAController.h */ = {isa = PBXFileReference; lastKnownFileType = sourcecode.c.h; path = LAController.h; sourceTree = "<group>"; };
		7B26842A20CF9E5A00FE9A60 /* LALoadingView.h */ = {isa = PBXFileReference; lastKnownFileType = sourcecode.c.h; path = LALoadingView.h; sourceTree = "<group>"; };
		7B26842B20CF9E5A00FE9A60 /* LALoadingView.m */ = {isa = PBXFileReference; lastKnownFileType = sourcecode.c.objc; path = LALoadingView.m; sourceTree = "<group>"; };
		7B26843320CFC69200FE9A60 /* LAErrorView.h */ = {isa = PBXFileReference; lastKnownFileType = sourcecode.c.h; path = LAErrorView.h; sourceTree = "<group>"; };
		7B26843420CFC69200FE9A60 /* LAErrorView.m */ = {isa = PBXFileReference; lastKnownFileType = sourcecode.c.objc; path = LAErrorView.m; sourceTree = "<group>"; };
		7B26843620CFCCFF00FE9A60 /* LABaseViewController+LAHelper.h */ = {isa = PBXFileReference; lastKnownFileType = sourcecode.c.h; path = "LABaseViewController+LAHelper.h"; sourceTree = "<group>"; };
		7B26843720CFCCFF00FE9A60 /* LABaseViewController+LAHelper.m */ = {isa = PBXFileReference; lastKnownFileType = sourcecode.c.objc; path = "LABaseViewController+LAHelper.m"; sourceTree = "<group>"; };
		7BBEF89120D8988500C2CF8B /* LARouter.h */ = {isa = PBXFileReference; lastKnownFileType = sourcecode.c.h; path = LARouter.h; sourceTree = "<group>"; };
		7BBEF89220D8988500C2CF8B /* LARouter.m */ = {isa = PBXFileReference; lastKnownFileType = sourcecode.c.objc; path = LARouter.m; sourceTree = "<group>"; };
		7BBEF89420D899C900C2CF8B /* LAControllerFactory.h */ = {isa = PBXFileReference; lastKnownFileType = sourcecode.c.h; path = LAControllerFactory.h; sourceTree = "<group>"; };
		7BBEF89520D899C900C2CF8B /* LAControllerFactory.m */ = {isa = PBXFileReference; lastKnownFileType = sourcecode.c.objc; path = LAControllerFactory.m; sourceTree = "<group>"; };
		7BBEF89720D8D45700C2CF8B /* LANavigator.h */ = {isa = PBXFileReference; lastKnownFileType = sourcecode.c.h; path = LANavigator.h; sourceTree = "<group>"; };
		7BBEF89820D8D45700C2CF8B /* LANavigator.m */ = {isa = PBXFileReference; lastKnownFileType = sourcecode.c.objc; path = LANavigator.m; sourceTree = "<group>"; };
		7BBEF89D20D8E9A400C2CF8B /* MyControllerRegister.h */ = {isa = PBXFileReference; lastKnownFileType = sourcecode.c.h; path = MyControllerRegister.h; sourceTree = "<group>"; };
		7BBEF89E20D8E9A400C2CF8B /* MyControllerRegister.m */ = {isa = PBXFileReference; lastKnownFileType = sourcecode.c.objc; path = MyControllerRegister.m; sourceTree = "<group>"; };
		7BBEF8A020D8F60200C2CF8B /* TestViewController3.h */ = {isa = PBXFileReference; lastKnownFileType = sourcecode.c.h; path = TestViewController3.h; sourceTree = "<group>"; };
		7BBEF8A120D8F60200C2CF8B /* TestViewController3.m */ = {isa = PBXFileReference; lastKnownFileType = sourcecode.c.objc; path = TestViewController3.m; sourceTree = "<group>"; };
/* End PBXFileReference section */

/* Begin PBXFrameworksBuildPhase section */
		7B26832420C68D5200FE9A60 /* Frameworks */ = {
			isa = PBXFrameworksBuildPhase;
			buildActionMask = 2147483647;
			files = (
				99DD9F02E68DF2D601120C4E /* Pods_LACoreLibDemo.framework in Frameworks */,
			);
			runOnlyForDeploymentPostprocessing = 0;
		};
/* End PBXFrameworksBuildPhase section */

/* Begin PBXGroup section */
		4300786EBE939B163EC6F9D0 /* Pods */ = {
			isa = PBXGroup;
			children = (
				787892AA6BC29F84EFEAB404 /* Pods-LACoreLibDemo.debug.xcconfig */,
				74F6670D945795C62475C0D9 /* Pods-LACoreLibDemo.release.xcconfig */,
			);
			name = Pods;
			sourceTree = "<group>";
		};
		7B0F3A0820D23A91002CF340 /* PController */ = {
			isa = PBXGroup;
			children = (
				7B0F3A0920D23ABD002CF340 /* PRootViewController.h */,
				7B0F3A0A20D23ABD002CF340 /* PRootViewController.m */,
				7B0F3A3E20D39702002CF340 /* PNavigationController.h */,
				7B0F3A3F20D39702002CF340 /* PNavigationController.m */,
				7B0F3A0C20D23B01002CF340 /* PBaseViewController.h */,
				7B0F3A0D20D23B01002CF340 /* PBaseViewController.m */,
			);
			path = PController;
			sourceTree = "<group>";
		};
		7B0F3A1B20D23C0F002CF340 /* MyViewController */ = {
			isa = PBXGroup;
			children = (
				7BBEF89D20D8E9A400C2CF8B /* MyControllerRegister.h */,
				7BBEF89E20D8E9A400C2CF8B /* MyControllerRegister.m */,
				7B0F3A1F20D23C3C002CF340 /* ViewController1.h */,
				7B0F3A2120D23C3C002CF340 /* ViewController1.m */,
				7B0F3A2020D23C3C002CF340 /* ViewController2.h */,
				7B0F3A1D20D23C3C002CF340 /* ViewController2.m */,
				7B0F3A1C20D23C3C002CF340 /* ViewController3.h */,
				7B0F3A1E20D23C3C002CF340 /* ViewController3.m */,
				7B0F3A2320D23C3C002CF340 /* ViewController4.h */,
				7B0F3A2220D23C3C002CF340 /* ViewController4.m */,
				7B0F3A2A20D26132002CF340 /* TestViewController1.h */,
				7B0F3A2B20D26132002CF340 /* TestViewController1.m */,
				7B0F3A2D20D26CA1002CF340 /* TestViewController2.h */,
				7B0F3A2E20D26CA1002CF340 /* TestViewController2.m */,
				7BBEF8A020D8F60200C2CF8B /* TestViewController3.h */,
				7BBEF8A120D8F60200C2CF8B /* TestViewController3.m */,
			);
			path = MyViewController;
			sourceTree = "<group>";
		};
		7B0F3A2920D23C5A002CF340 /* Res */ = {
			isa = PBXGroup;
			children = (
			);
			path = Res;
			sourceTree = "<group>";
		};
		7B0F3A3020D36277002CF340 /* LANavigationBar */ = {
			isa = PBXGroup;
			children = (
				7B0F3A3120D362A9002CF340 /* LANavigationBarButton.h */,
				7B0F3A3220D362A9002CF340 /* LANavigationBarButton.m */,
				7B0F3A3B20D36359002CF340 /* LANavigationBar.h */,
				7B0F3A3C20D36359002CF340 /* LANavigationBar.m */,
			);
			path = LANavigationBar;
			sourceTree = "<group>";
		};
		7B0F3A3420D362B3002CF340 /* LATabBar */ = {
			isa = PBXGroup;
			children = (
				7B0F3A3520D362E8002CF340 /* LATabBarItem.h */,
				7B0F3A3720D362E8002CF340 /* LATabBarItem.m */,
				7B0F3A3820D362E8002CF340 /* LATabBar.h */,
				7B0F3A3620D362E8002CF340 /* LATabBar.m */,
			);
			path = LATabBar;
			sourceTree = "<group>";
		};
		7B26831E20C68D5200FE9A60 = {
			isa = PBXGroup;
			children = (
				7B2683BB20C8D99200FE9A60 /* LACoreLib */,
				7B26832920C68D5200FE9A60 /* LACoreLibDemo */,
				7B26832820C68D5200FE9A60 /* Products */,
				4300786EBE939B163EC6F9D0 /* Pods */,
				F93BEBEB7B79E5546537B6BA /* Frameworks */,
			);
			sourceTree = "<group>";
		};
		7B26832820C68D5200FE9A60 /* Products */ = {
			isa = PBXGroup;
			children = (
				7B26832720C68D5200FE9A60 /* LACoreLibDemo.app */,
			);
			name = Products;
			sourceTree = "<group>";
		};
		7B26832920C68D5200FE9A60 /* LACoreLibDemo */ = {
			isa = PBXGroup;
			children = (
				7B0F3A0820D23A91002CF340 /* PController */,
				7B0F3A1B20D23C0F002CF340 /* MyViewController */,
				7B26832A20C68D5200FE9A60 /* AppDelegate.h */,
				7B26832B20C68D5200FE9A60 /* AppDelegate.m */,
				7B26833320C68D5600FE9A60 /* Assets.xcassets */,
				7B26833820C68D5600FE9A60 /* Info.plist */,
				7B26833920C68D5600FE9A60 /* main.m */,
				7B0F3A2920D23C5A002CF340 /* Res */,
			);
			path = LACoreLibDemo;
			sourceTree = "<group>";
		};
		7B2683BB20C8D99200FE9A60 /* LACoreLib */ = {
			isa = PBXGroup;
			children = (
				7B2683BC20C8D99200FE9A60 /* LACoreLib.h */,
				7B2683BD20C8D99200FE9A60 /* LABase */,
				7B2683F920CE49FE00FE9A60 /* LANetwork */,
				7B2683FB20CE4E1700FE9A60 /* LAUI */,
				7B26842220CF5AD400FE9A60 /* LAController */,
			);
			path = LACoreLib;
			sourceTree = "<group>";
		};
		7B2683BD20C8D99200FE9A60 /* LABase */ = {
			isa = PBXGroup;
			children = (
				7B2683F720CA7EB500FE9A60 /* LABase.h */,
				7B2683F820CA7F2300FE9A60 /* LABaseDefines.h */,
				7B2683BF20C8D99200FE9A60 /* Foundation+LACoreLib.h */,
				7B2683C020C8D99200FE9A60 /* Foundation+LACoreLib.m */,
				7B2683CC20C8DF4400FE9A60 /* LADefaultValue.h */,
				7B2683CD20C8DF4400FE9A60 /* LADefaultValue.m */,
				7B2683F120CA75FF00FE9A60 /* LAPathUtil.h */,
				7B2683F220CA75FF00FE9A60 /* LAPathUtil.m */,
				7B2683F420CA799E00FE9A60 /* LABaseUtil.h */,
				7B2683F520CA799E00FE9A60 /* LABaseUtil.m */,
			);
			path = LABase;
			sourceTree = "<group>";
		};
		7B2683F920CE49FE00FE9A60 /* LANetwork */ = {
			isa = PBXGroup;
			children = (
				7B2683FA20CE4A8C00FE9A60 /* LANetwork.h */,
			);
			path = LANetwork;
			sourceTree = "<group>";
		};
		7B2683FB20CE4E1700FE9A60 /* LAUI */ = {
			isa = PBXGroup;
			children = (
				7B2683FC20CE4E2F00FE9A60 /* LAUI.h */,
				7B2683FD20CE4E6B00FE9A60 /* LAUIDefines.h */,
				7B26840120CE526100FE9A60 /* LASystemDevice.h */,
				7B26840220CE526100FE9A60 /* LASystemDevice.m */,
				7B26840820CE633200FE9A60 /* UIKit+LACoreLib.h */,
				7B26840920CE633200FE9A60 /* UIKit+LACoreLib.m */,
				7B26842A20CF9E5A00FE9A60 /* LALoadingView.h */,
				7B26842B20CF9E5A00FE9A60 /* LALoadingView.m */,
				7B26843320CFC69200FE9A60 /* LAErrorView.h */,
				7B26843420CFC69200FE9A60 /* LAErrorView.m */,
				7B0F3A3020D36277002CF340 /* LANavigationBar */,
				7B0F3A3420D362B3002CF340 /* LATabBar */,
				7B26840B20CE74F700FE9A60 /* UITableView+LACoreLib */,
				7B26841520CE802E00FE9A60 /* LATableView */,
			);
			path = LAUI;
			sourceTree = "<group>";
		};
		7B26840B20CE74F700FE9A60 /* UITableView+LACoreLib */ = {
			isa = PBXGroup;
			children = (
				7B26840C20CE756B00FE9A60 /* LATableViewCellItem.h */,
				7B26840D20CE756B00FE9A60 /* LATableViewCellItem.m */,
				7B26840F20CE784D00FE9A60 /* LATableViewCellContext.h */,
				7B26841020CE784D00FE9A60 /* LATableViewCellContext.m */,
				7B26841220CE7ABE00FE9A60 /* UITableViewCell+LACoreLib.h */,
				7B26841320CE7ABE00FE9A60 /* UITableViewCell+LACoreLib.m */,
			);
			path = "UITableView+LACoreLib";
			sourceTree = "<group>";
		};
		7B26841520CE802E00FE9A60 /* LATableView */ = {
			isa = PBXGroup;
			children = (
				7B26841A20CE808300FE9A60 /* LABaseTableView.h */,
				7B26841820CE808200FE9A60 /* LABaseTableView.m */,
				7B26841920CE808200FE9A60 /* LABaseTableViewCell.h */,
				7B26841D20CE808300FE9A60 /* LABaseTableViewCell.m */,
				7B26841720CE808200FE9A60 /* LABaseTableViewHeaderFooterView.h */,
				7B26841B20CE808300FE9A60 /* LABaseTableViewHeaderFooterView.m */,
				7B26841C20CE808300FE9A60 /* LATableHeightCache.h */,
				7B26841620CE808200FE9A60 /* LATableHeightCache.m */,
			);
			path = LATableView;
			sourceTree = "<group>";
		};
		7B26842220CF5AD400FE9A60 /* LAController */ = {
			isa = PBXGroup;
			children = (
				7B26842920CF6C0000FE9A60 /* LAController.h */,
				7B26842320CF5B2D00FE9A60 /* LANavigationController.h */,
				7B26842420CF5B2D00FE9A60 /* LANavigationController.m */,
				7B0F39FF20D11DDB002CF340 /* LATabBarController.h */,
				7B0F3A0020D11DDB002CF340 /* LATabBarController.m */,
				7B26842620CF5FD600FE9A60 /* LABaseViewController.h */,
				7B26842720CF5FD600FE9A60 /* LABaseViewController.m */,
				7B26843620CFCCFF00FE9A60 /* LABaseViewController+LAHelper.h */,
				7B26843720CFCCFF00FE9A60 /* LABaseViewController+LAHelper.m */,
				7BBEF89420D899C900C2CF8B /* LAControllerFactory.h */,
				7BBEF89520D899C900C2CF8B /* LAControllerFactory.m */,
				7BBEF89720D8D45700C2CF8B /* LANavigator.h */,
				7BBEF89820D8D45700C2CF8B /* LANavigator.m */,
				7BBEF89120D8988500C2CF8B /* LARouter.h */,
				7BBEF89220D8988500C2CF8B /* LARouter.m */,
			);
			path = LAController;
			sourceTree = "<group>";
		};
		F93BEBEB7B79E5546537B6BA /* Frameworks */ = {
			isa = PBXGroup;
			children = (
				2FAC04CB8CFB35C47A610387 /* Pods_LACoreLibDemo.framework */,
			);
			name = Frameworks;
			sourceTree = "<group>";
		};
/* End PBXGroup section */

/* Begin PBXNativeTarget section */
		7B26832620C68D5200FE9A60 /* LACoreLibDemo */ = {
			isa = PBXNativeTarget;
			buildConfigurationList = 7B26833D20C68D5600FE9A60 /* Build configuration list for PBXNativeTarget "LACoreLibDemo" */;
			buildPhases = (
				E5C67DEFE2C6BC2841340733 /* [CP] Check Pods Manifest.lock */,
				7B26832320C68D5200FE9A60 /* Sources */,
				7B26832420C68D5200FE9A60 /* Frameworks */,
				7B26832520C68D5200FE9A60 /* Resources */,
				189180A07CEDC43D9E42906A /* [CP] Embed Pods Frameworks */,
				7B26836F20C7944C00FE9A60 /* Embed Frameworks */,
			);
			buildRules = (
			);
			dependencies = (
			);
			name = LACoreLibDemo;
			productName = LACoreLibDemo;
			productReference = 7B26832720C68D5200FE9A60 /* LACoreLibDemo.app */;
			productType = "com.apple.product-type.application";
		};
/* End PBXNativeTarget section */

/* Begin PBXProject section */
		7B26831F20C68D5200FE9A60 /* Project object */ = {
			isa = PBXProject;
			attributes = {
				LastUpgradeCheck = 0930;
				ORGANIZATIONNAME = Leo.Chen;
				TargetAttributes = {
					7B26832620C68D5200FE9A60 = {
						CreatedOnToolsVersion = 9.3;
					};
				};
			};
			buildConfigurationList = 7B26832220C68D5200FE9A60 /* Build configuration list for PBXProject "LACoreLibDemo" */;
			compatibilityVersion = "Xcode 9.3";
			developmentRegion = en;
			hasScannedForEncodings = 0;
			knownRegions = (
				en,
				Base,
			);
			mainGroup = 7B26831E20C68D5200FE9A60;
			productRefGroup = 7B26832820C68D5200FE9A60 /* Products */;
			projectDirPath = "";
			projectRoot = "";
			targets = (
				7B26832620C68D5200FE9A60 /* LACoreLibDemo */,
			);
		};
/* End PBXProject section */

/* Begin PBXResourcesBuildPhase section */
		7B26832520C68D5200FE9A60 /* Resources */ = {
			isa = PBXResourcesBuildPhase;
			buildActionMask = 2147483647;
			files = (
				7B26833420C68D5600FE9A60 /* Assets.xcassets in Resources */,
			);
			runOnlyForDeploymentPostprocessing = 0;
		};
/* End PBXResourcesBuildPhase section */

/* Begin PBXShellScriptBuildPhase section */
		189180A07CEDC43D9E42906A /* [CP] Embed Pods Frameworks */ = {
			isa = PBXShellScriptBuildPhase;
			buildActionMask = 2147483647;
			files = (
			);
			inputPaths = (
				"${SRCROOT}/Pods/Target Support Files/Pods-LACoreLibDemo/Pods-LACoreLibDemo-frameworks.sh",
				"${BUILT_PRODUCTS_DIR}/AFNetworking/AFNetworking.framework",
				"${BUILT_PRODUCTS_DIR}/MJExtension/MJExtension.framework",
				"${BUILT_PRODUCTS_DIR}/MJRefresh/MJRefresh.framework",
				"${BUILT_PRODUCTS_DIR}/Masonry/Masonry.framework",
				"${BUILT_PRODUCTS_DIR}/SDWebImage/SDWebImage.framework",
				"${BUILT_PRODUCTS_DIR}/Toast/Toast.framework",
			);
			name = "[CP] Embed Pods Frameworks";
			outputPaths = (
				"${TARGET_BUILD_DIR}/${FRAMEWORKS_FOLDER_PATH}/AFNetworking.framework",
				"${TARGET_BUILD_DIR}/${FRAMEWORKS_FOLDER_PATH}/MJExtension.framework",
				"${TARGET_BUILD_DIR}/${FRAMEWORKS_FOLDER_PATH}/MJRefresh.framework",
				"${TARGET_BUILD_DIR}/${FRAMEWORKS_FOLDER_PATH}/Masonry.framework",
				"${TARGET_BUILD_DIR}/${FRAMEWORKS_FOLDER_PATH}/SDWebImage.framework",
				"${TARGET_BUILD_DIR}/${FRAMEWORKS_FOLDER_PATH}/Toast.framework",
			);
			runOnlyForDeploymentPostprocessing = 0;
			shellPath = /bin/sh;
			shellScript = "\"${SRCROOT}/Pods/Target Support Files/Pods-LACoreLibDemo/Pods-LACoreLibDemo-frameworks.sh\"\n";
			showEnvVarsInLog = 0;
		};
		E5C67DEFE2C6BC2841340733 /* [CP] Check Pods Manifest.lock */ = {
			isa = PBXShellScriptBuildPhase;
			buildActionMask = 2147483647;
			files = (
			);
			inputPaths = (
				"${PODS_PODFILE_DIR_PATH}/Podfile.lock",
				"${PODS_ROOT}/Manifest.lock",
			);
			name = "[CP] Check Pods Manifest.lock";
			outputPaths = (
				"$(DERIVED_FILE_DIR)/Pods-LACoreLibDemo-checkManifestLockResult.txt",
			);
			runOnlyForDeploymentPostprocessing = 0;
			shellPath = /bin/sh;
			shellScript = "diff \"${PODS_PODFILE_DIR_PATH}/Podfile.lock\" \"${PODS_ROOT}/Manifest.lock\" > /dev/null\nif [ $? != 0 ] ; then\n    # print error to STDERR\n    echo \"error: The sandbox is not in sync with the Podfile.lock. Run 'pod install' or update your CocoaPods installation.\" >&2\n    exit 1\nfi\n# This output is used by Xcode 'outputs' to avoid re-running this script phase.\necho \"SUCCESS\" > \"${SCRIPT_OUTPUT_FILE_0}\"\n";
			showEnvVarsInLog = 0;
		};
/* End PBXShellScriptBuildPhase section */

/* Begin PBXSourcesBuildPhase section */
		7B26832320C68D5200FE9A60 /* Sources */ = {
			isa = PBXSourcesBuildPhase;
			buildActionMask = 2147483647;
			files = (
				7B0F3A3320D362A9002CF340 /* LANavigationBarButton.m in Sources */,
				7BBEF89620D899C900C2CF8B /* LAControllerFactory.m in Sources */,
				7B26833A20C68D5600FE9A60 /* main.m in Sources */,
				7BBEF89920D8D45700C2CF8B /* LANavigator.m in Sources */,
				7B0F3A2F20D26CA1002CF340 /* TestViewController2.m in Sources */,
				7B26832C20C68D5200FE9A60 /* AppDelegate.m in Sources */,
				7B0F3A0E20D23B01002CF340 /* PBaseViewController.m in Sources */,
				7BBEF89320D8988500C2CF8B /* LARouter.m in Sources */,
				7B26842C20CF9E5A00FE9A60 /* LALoadingView.m in Sources */,
				7B26842020CE808300FE9A60 /* LABaseTableViewHeaderFooterView.m in Sources */,
				7B0F3A2620D23C3C002CF340 /* ViewController1.m in Sources */,
				7B0F3A4020D39702002CF340 /* PNavigationController.m in Sources */,
				7B0F3A0120D11DDB002CF340 /* LATabBarController.m in Sources */,
				7B0F3A2520D23C3C002CF340 /* ViewController3.m in Sources */,
				7B26842120CE808300FE9A60 /* LABaseTableViewCell.m in Sources */,
				7B26842520CF5B2D00FE9A60 /* LANavigationController.m in Sources */,
				7B26843520CFC69200FE9A60 /* LAErrorView.m in Sources */,
				7B0F3A3D20D36359002CF340 /* LANavigationBar.m in Sources */,
				7B0F3A2720D23C3C002CF340 /* ViewController4.m in Sources */,
				7B0F3A2C20D26132002CF340 /* TestViewController1.m in Sources */,
				7B26840A20CE633200FE9A60 /* UIKit+LACoreLib.m in Sources */,
				7B2683F620CA799E00FE9A60 /* LABaseUtil.m in Sources */,
				7BBEF89F20D8E9A400C2CF8B /* MyControllerRegister.m in Sources */,
				7B0F3A3A20D362E8002CF340 /* LATabBarItem.m in Sources */,
				7B2683CE20C8DF4400FE9A60 /* LADefaultValue.m in Sources */,
				7B0F3A3920D362E8002CF340 /* LATabBar.m in Sources */,
				7B26840320CE526100FE9A60 /* LASystemDevice.m in Sources */,
				7B0F3A2420D23C3C002CF340 /* ViewController2.m in Sources */,
				7B26841F20CE808300FE9A60 /* LABaseTableView.m in Sources */,
				7B2683F320CA75FF00FE9A60 /* LAPathUtil.m in Sources */,
				7B26843820CFCCFF00FE9A60 /* LABaseViewController+LAHelper.m in Sources */,
				7BBEF8A220D8F60200C2CF8B /* TestViewController3.m in Sources */,
				7B26841420CE7ABE00FE9A60 /* UITableViewCell+LACoreLib.m in Sources */,
				7B26840E20CE756B00FE9A60 /* LATableViewCellItem.m in Sources */,
				7B26841E20CE808300FE9A60 /* LATableHeightCache.m in Sources */,
				7B26841120CE784D00FE9A60 /* LATableViewCellContext.m in Sources */,
				7B2683C120C8D99300FE9A60 /* Foundation+LACoreLib.m in Sources */,
				7B0F3A0B20D23ABD002CF340 /* PRootViewController.m in Sources */,
				7B26842820CF5FD600FE9A60 /* LABaseViewController.m in Sources */,
			);
			runOnlyForDeploymentPostprocessing = 0;
		};
/* End PBXSourcesBuildPhase section */

/* Begin XCBuildConfiguration section */
		7B26833B20C68D5600FE9A60 /* Debug */ = {
			isa = XCBuildConfiguration;
			buildSettings = {
				ALWAYS_SEARCH_USER_PATHS = NO;
				CLANG_ANALYZER_NONNULL = YES;
				CLANG_ANALYZER_NUMBER_OBJECT_CONVERSION = YES_AGGRESSIVE;
				CLANG_CXX_LANGUAGE_STANDARD = "gnu++14";
				CLANG_CXX_LIBRARY = "libc++";
				CLANG_ENABLE_MODULES = YES;
				CLANG_ENABLE_OBJC_ARC = YES;
				CLANG_ENABLE_OBJC_WEAK = YES;
				CLANG_WARN_BLOCK_CAPTURE_AUTORELEASING = YES;
				CLANG_WARN_BOOL_CONVERSION = YES;
				CLANG_WARN_COMMA = YES;
				CLANG_WARN_CONSTANT_CONVERSION = YES;
				CLANG_WARN_DEPRECATED_OBJC_IMPLEMENTATIONS = YES;
				CLANG_WARN_DIRECT_OBJC_ISA_USAGE = YES_ERROR;
				CLANG_WARN_DOCUMENTATION_COMMENTS = YES;
				CLANG_WARN_EMPTY_BODY = YES;
				CLANG_WARN_ENUM_CONVERSION = YES;
				CLANG_WARN_INFINITE_RECURSION = YES;
				CLANG_WARN_INT_CONVERSION = YES;
				CLANG_WARN_NON_LITERAL_NULL_CONVERSION = YES;
				CLANG_WARN_OBJC_IMPLICIT_RETAIN_SELF = YES;
				CLANG_WARN_OBJC_LITERAL_CONVERSION = YES;
				CLANG_WARN_OBJC_ROOT_CLASS = YES_ERROR;
				CLANG_WARN_RANGE_LOOP_ANALYSIS = YES;
				CLANG_WARN_STRICT_PROTOTYPES = YES;
				CLANG_WARN_SUSPICIOUS_MOVE = YES;
				CLANG_WARN_UNGUARDED_AVAILABILITY = YES_AGGRESSIVE;
				CLANG_WARN_UNREACHABLE_CODE = YES;
				CLANG_WARN__DUPLICATE_METHOD_MATCH = YES;
				CODE_SIGN_IDENTITY = "iPhone Developer";
				COPY_PHASE_STRIP = NO;
				DEBUG_INFORMATION_FORMAT = dwarf;
				ENABLE_STRICT_OBJC_MSGSEND = YES;
				ENABLE_TESTABILITY = YES;
				GCC_C_LANGUAGE_STANDARD = gnu11;
				GCC_DYNAMIC_NO_PIC = NO;
				GCC_NO_COMMON_BLOCKS = YES;
				GCC_OPTIMIZATION_LEVEL = 0;
				GCC_PREPROCESSOR_DEFINITIONS = (
					"DEBUG=1",
					"$(inherited)",
				);
				GCC_WARN_64_TO_32_BIT_CONVERSION = YES;
				GCC_WARN_ABOUT_RETURN_TYPE = YES_ERROR;
				GCC_WARN_UNDECLARED_SELECTOR = YES;
				GCC_WARN_UNINITIALIZED_AUTOS = YES_AGGRESSIVE;
				GCC_WARN_UNUSED_FUNCTION = YES;
				GCC_WARN_UNUSED_VARIABLE = YES;
				IPHONEOS_DEPLOYMENT_TARGET = 11.3;
				MTL_ENABLE_DEBUG_INFO = YES;
				ONLY_ACTIVE_ARCH = YES;
				SDKROOT = iphoneos;
			};
			name = Debug;
		};
		7B26833C20C68D5600FE9A60 /* Release */ = {
			isa = XCBuildConfiguration;
			buildSettings = {
				ALWAYS_SEARCH_USER_PATHS = NO;
				CLANG_ANALYZER_NONNULL = YES;
				CLANG_ANALYZER_NUMBER_OBJECT_CONVERSION = YES_AGGRESSIVE;
				CLANG_CXX_LANGUAGE_STANDARD = "gnu++14";
				CLANG_CXX_LIBRARY = "libc++";
				CLANG_ENABLE_MODULES = YES;
				CLANG_ENABLE_OBJC_ARC = YES;
				CLANG_ENABLE_OBJC_WEAK = YES;
				CLANG_WARN_BLOCK_CAPTURE_AUTORELEASING = YES;
				CLANG_WARN_BOOL_CONVERSION = YES;
				CLANG_WARN_COMMA = YES;
				CLANG_WARN_CONSTANT_CONVERSION = YES;
				CLANG_WARN_DEPRECATED_OBJC_IMPLEMENTATIONS = YES;
				CLANG_WARN_DIRECT_OBJC_ISA_USAGE = YES_ERROR;
				CLANG_WARN_DOCUMENTATION_COMMENTS = YES;
				CLANG_WARN_EMPTY_BODY = YES;
				CLANG_WARN_ENUM_CONVERSION = YES;
				CLANG_WARN_INFINITE_RECURSION = YES;
				CLANG_WARN_INT_CONVERSION = YES;
				CLANG_WARN_NON_LITERAL_NULL_CONVERSION = YES;
				CLANG_WARN_OBJC_IMPLICIT_RETAIN_SELF = YES;
				CLANG_WARN_OBJC_LITERAL_CONVERSION = YES;
				CLANG_WARN_OBJC_ROOT_CLASS = YES_ERROR;
				CLANG_WARN_RANGE_LOOP_ANALYSIS = YES;
				CLANG_WARN_STRICT_PROTOTYPES = YES;
				CLANG_WARN_SUSPICIOUS_MOVE = YES;
				CLANG_WARN_UNGUARDED_AVAILABILITY = YES_AGGRESSIVE;
				CLANG_WARN_UNREACHABLE_CODE = YES;
				CLANG_WARN__DUPLICATE_METHOD_MATCH = YES;
				CODE_SIGN_IDENTITY = "iPhone Developer";
				COPY_PHASE_STRIP = NO;
				DEBUG_INFORMATION_FORMAT = "dwarf-with-dsym";
				ENABLE_NS_ASSERTIONS = NO;
				ENABLE_STRICT_OBJC_MSGSEND = YES;
				GCC_C_LANGUAGE_STANDARD = gnu11;
				GCC_NO_COMMON_BLOCKS = YES;
				GCC_WARN_64_TO_32_BIT_CONVERSION = YES;
				GCC_WARN_ABOUT_RETURN_TYPE = YES_ERROR;
				GCC_WARN_UNDECLARED_SELECTOR = YES;
				GCC_WARN_UNINITIALIZED_AUTOS = YES_AGGRESSIVE;
				GCC_WARN_UNUSED_FUNCTION = YES;
				GCC_WARN_UNUSED_VARIABLE = YES;
				IPHONEOS_DEPLOYMENT_TARGET = 11.3;
				MTL_ENABLE_DEBUG_INFO = NO;
				SDKROOT = iphoneos;
				VALIDATE_PRODUCT = YES;
			};
			name = Release;
		};
		7B26833E20C68D5600FE9A60 /* Debug */ = {
			isa = XCBuildConfiguration;
			baseConfigurationReference = 787892AA6BC29F84EFEAB404 /* Pods-LACoreLibDemo.debug.xcconfig */;
			buildSettings = {
				ASSETCATALOG_COMPILER_APPICON_NAME = AppIcon;
				ASSETCATALOG_COMPILER_LAUNCHIMAGE_NAME = LaunchImage;
				CODE_SIGN_STYLE = Automatic;
				DEVELOPMENT_TEAM = U33Z873YE9;
				HEADER_SEARCH_PATHS = "";
				INFOPLIST_FILE = LACoreLibDemo/Info.plist;
				IPHONEOS_DEPLOYMENT_TARGET = 8.0;
				LD_RUNPATH_SEARCH_PATHS = (
					"$(inherited)",
					"@executable_path/Frameworks",
				);
				PRODUCT_BUNDLE_IDENTIFIER = com.LeoChen.LACoreLibDemo;
				PRODUCT_NAME = "$(TARGET_NAME)";
				TARGETED_DEVICE_FAMILY = "1,2";
			};
			name = Debug;
		};
		7B26833F20C68D5600FE9A60 /* Release */ = {
			isa = XCBuildConfiguration;
			baseConfigurationReference = 74F6670D945795C62475C0D9 /* Pods-LACoreLibDemo.release.xcconfig */;
			buildSettings = {
				ASSETCATALOG_COMPILER_APPICON_NAME = AppIcon;
				ASSETCATALOG_COMPILER_LAUNCHIMAGE_NAME = LaunchImage;
				CODE_SIGN_STYLE = Automatic;
				DEVELOPMENT_TEAM = U33Z873YE9;
				HEADER_SEARCH_PATHS = "";
				INFOPLIST_FILE = LACoreLibDemo/Info.plist;
				IPHONEOS_DEPLOYMENT_TARGET = 8.0;
				LD_RUNPATH_SEARCH_PATHS = (
					"$(inherited)",
					"@executable_path/Frameworks",
				);
				PRODUCT_BUNDLE_IDENTIFIER = com.LeoChen.LACoreLibDemo;
				PRODUCT_NAME = "$(TARGET_NAME)";
				TARGETED_DEVICE_FAMILY = "1,2";
			};
			name = Release;
		};
/* End XCBuildConfiguration section */

/* Begin XCConfigurationList section */
		7B26832220C68D5200FE9A60 /* Build configuration list for PBXProject "LACoreLibDemo" */ = {
			isa = XCConfigurationList;
			buildConfigurations = (
				7B26833B20C68D5600FE9A60 /* Debug */,
				7B26833C20C68D5600FE9A60 /* Release */,
			);
			defaultConfigurationIsVisible = 0;
			defaultConfigurationName = Release;
		};
		7B26833D20C68D5600FE9A60 /* Build configuration list for PBXNativeTarget "LACoreLibDemo" */ = {
			isa = XCConfigurationList;
			buildConfigurations = (
				7B26833E20C68D5600FE9A60 /* Debug */,
				7B26833F20C68D5600FE9A60 /* Release */,
			);
			defaultConfigurationIsVisible = 0;
			defaultConfigurationName = Release;
		};
/* End XCConfigurationList section */
	};
	rootObject = 7B26831F20C68D5200FE9A60 /* Project object */;
}
